
Microsoft Visual Studio Solution File, Format Version 12.00
# Visual Studio Version 16
VisualStudioVersion = 16.0.810.18
MinimumVisualStudioVersion = 10.0.40219.1
Project("{FAE04EC0-301F-11D3-BF4B-00C04F79EFBC}") = "ChristmasWithTypes", "ChristmasWithTypes.csproj", "{329058C6-5E23-42BD-BCF2-A35AA5700E79}"
EndProject
Global
	GlobalSection(SolutionConfigurationPlatforms) = preSolution
		Debug|Any CPU = Debug|Any CPU
		Release|Any CPU = Release|Any CPU
	EndGlobalSection
	GlobalSection(ProjectConfigurationPlatforms) = postSolution
		{329058C6-5E23-42BD-BCF2-A35AA5700E79}.Debug|Any CPU.ActiveCfg = Debug|Any CPU
		{329058C6-5E23-42BD-BCF2-A35AA5700E79}.Debug|Any CPU.Build.0 = Debug|Any CPU
		{329058C6-5E23-42BD-BCF2-A35AA5700E79}.Release|Any CPU.ActiveCfg = Release|Any CPU
		{329058C6-5E23-42BD-BCF2-A35AA5700E79}.Release|Any CPU.Build.0 = Release|Any CPU
	EndGlobalSection
	GlobalSection(SolutionProperties) = preSolution
		HideSolutionNode = FALSE
	EndGlobalSection
	GlobalSection(ExtensibilityGlobals) = postSolution
		SolutionGuid = {4FFA97E6-53B8-4F1B-9C53-0C61D99F1681}
	EndGlobalSection
EndGlobal
